
Microsoft Visual Studio Solution File, Format Version 12.00
# Visual Studio Version 16
VisualStudioVersion = 16.0.29905.134
MinimumVisualStudioVersion = 10.0.40219.1
Project("{9A19103F-16F7-4668-BE54-9A1E7A4F7556}") = "DiscordBot", "DiscordBot\DiscordBot.csproj", "{148D6C12-F606-4E84-B807-25F5B516092B}"
EndProject
Project("{FAE04EC0-301F-11D3-BF4B-00C04F79EFBC}") = "API", "API\API.csproj", "{75D4E903-4CF4-4DCB-B1AC-534FFD3E83F6}"
EndProject
Global
	GlobalSection(SolutionConfigurationPlatforms) = preSolution
		Debug|Any CPU = Debug|Any CPU
		Release|Any CPU = Release|Any CPU
	EndGlobalSection
	GlobalSection(ProjectConfigurationPlatforms) = postSolution
		{148D6C12-F606-4E84-B807-25F5B516092B}.Debug|Any CPU.ActiveCfg = Debug|Any CPU
		{148D6C12-F606-4E84-B807-25F5B516092B}.Debug|Any CPU.Build.0 = Debug|Any CPU
		{148D6C12-F606-4E84-B807-25F5B516092B}.Release|Any CPU.ActiveCfg = Release|Any CPU
		{148D6C12-F606-4E84-B807-25F5B516092B}.Release|Any CPU.Build.0 = Release|Any CPU
		{75D4E903-4CF4-4DCB-B1AC-534FFD3E83F6}.Debug|Any CPU.ActiveCfg = Debug|Any CPU
		{75D4E903-4CF4-4DCB-B1AC-534FFD3E83F6}.Debug|Any CPU.Build.0 = Debug|Any CPU
		{75D4E903-4CF4-4DCB-B1AC-534FFD3E83F6}.Release|Any CPU.ActiveCfg = Release|Any CPU
		{75D4E903-4CF4-4DCB-B1AC-534FFD3E83F6}.Release|Any CPU.Build.0 = Release|Any CPU
	EndGlobalSection
	GlobalSection(SolutionProperties) = preSolution
		HideSolutionNode = FALSE
	EndGlobalSection
	GlobalSection(ExtensibilityGlobals) = postSolution
		SolutionGuid = {28073003-F29A-4010-ACC2-160EE63BCD0B}
	EndGlobalSection
EndGlobal
